
Microsoft Visual Studio Solution File, Format Version 12.00
# Visual Studio Version 16
VisualStudioVersion = 16.0.29806.167
MinimumVisualStudioVersion = 10.0.40219.1
Project("{FAE04EC0-301F-11D3-BF4B-00C04F79EFBC}") = "SimpulBlog.Domain", "SimpulBlog.Domain\SimpulBlog.Domain.csproj", "{78A6807A-E972-4E69-98FE-1D28F840D103}"
EndProject
Project("{FAE04EC0-301F-11D3-BF4B-00C04F79EFBC}") = "SimpulBlog.Core", "SimpulBlog.Core\SimpulBlog.Core.csproj", "{12E4E058-A7EA-4C17-8116-4A8DF4A07182}"
EndProject
Project("{FAE04EC0-301F-11D3-BF4B-00C04F79EFBC}") = "SimpulBlog.Infrastructure", "SimpulBlog.Infrastructure\SimpulBlog.Infrastructure.csproj", "{9A45C94C-1A18-45D2-ADC2-CFB7C10E75F3}"
EndProject
Project("{FAE04EC0-301F-11D3-BF4B-00C04F79EFBC}") = "SimpulBlog.API", "SimpulBlog.API\SimpulBlog.API.csproj", "{64521825-3C9F-477B-9DF6-992BD62BEC53}"
EndProject
Global
	GlobalSection(SolutionConfigurationPlatforms) = preSolution
		Debug|Any CPU = Debug|Any CPU
		Release|Any CPU = Release|Any CPU
	EndGlobalSection
	GlobalSection(ProjectConfigurationPlatforms) = postSolution
		{78A6807A-E972-4E69-98FE-1D28F840D103}.Debug|Any CPU.ActiveCfg = Debug|Any CPU
		{78A6807A-E972-4E69-98FE-1D28F840D103}.Debug|Any CPU.Build.0 = Debug|Any CPU
		{78A6807A-E972-4E69-98FE-1D28F840D103}.Release|Any CPU.ActiveCfg = Release|Any CPU
		{78A6807A-E972-4E69-98FE-1D28F840D103}.Release|Any CPU.Build.0 = Release|Any CPU
		{12E4E058-A7EA-4C17-8116-4A8DF4A07182}.Debug|Any CPU.ActiveCfg = Debug|Any CPU
		{12E4E058-A7EA-4C17-8116-4A8DF4A07182}.Debug|Any CPU.Build.0 = Debug|Any CPU
		{12E4E058-A7EA-4C17-8116-4A8DF4A07182}.Release|Any CPU.ActiveCfg = Release|Any CPU
		{12E4E058-A7EA-4C17-8116-4A8DF4A07182}.Release|Any CPU.Build.0 = Release|Any CPU
		{9A45C94C-1A18-45D2-ADC2-CFB7C10E75F3}.Debug|Any CPU.ActiveCfg = Debug|Any CPU
		{9A45C94C-1A18-45D2-ADC2-CFB7C10E75F3}.Debug|Any CPU.Build.0 = Debug|Any CPU
		{9A45C94C-1A18-45D2-ADC2-CFB7C10E75F3}.Release|Any CPU.ActiveCfg = Release|Any CPU
		{9A45C94C-1A18-45D2-ADC2-CFB7C10E75F3}.Release|Any CPU.Build.0 = Release|Any CPU
		{64521825-3C9F-477B-9DF6-992BD62BEC53}.Debug|Any CPU.ActiveCfg = Debug|Any CPU
		{64521825-3C9F-477B-9DF6-992BD62BEC53}.Debug|Any CPU.Build.0 = Debug|Any CPU
		{64521825-3C9F-477B-9DF6-992BD62BEC53}.Release|Any CPU.ActiveCfg = Release|Any CPU
		{64521825-3C9F-477B-9DF6-992BD62BEC53}.Release|Any CPU.Build.0 = Release|Any CPU
	EndGlobalSection
	GlobalSection(SolutionProperties) = preSolution
		HideSolutionNode = FALSE
	EndGlobalSection
	GlobalSection(ExtensibilityGlobals) = postSolution
		SolutionGuid = {457753AE-BD04-4B1C-BCF3-7E2217C7C168}
	EndGlobalSection
EndGlobal
